// !$*UTF8*$!
{
	archiveVersion = 1;
	classes = {
	};
	objectVersion = 52;
	objects = {

/* Begin PBXBuildFile section */
		0889F24B25D2E54700FBEE6C /* Color+init.swift in Sources */ = {isa = PBXBuildFile; fileRef = 0889F24A25D2E54700FBEE6C /* Color+init.swift */; };
		291B121525AF98ED001C5C30 /* SlowedAudioEngine.swift in Sources */ = {isa = PBXBuildFile; fileRef = 291B121425AF98ED001C5C30 /* SlowedAudioEngine.swift */; };
		291B121B25AF99E0001C5C30 /* AudioKit in Frameworks */ = {isa = PBXBuildFile; productRef = 291B121A25AF99E0001C5C30 /* AudioKit */; };
		293FD8BD25AFCB4700D7A8D3 /* PlayerControls.swift in Sources */ = {isa = PBXBuildFile; fileRef = 293FD8BC25AFCB4700D7A8D3 /* PlayerControls.swift */; };
		2974496125B1154200A3D5A6 /* ChooseFileButton.swift in Sources */ = {isa = PBXBuildFile; fileRef = 2974496025B1154200A3D5A6 /* ChooseFileButton.swift */; };
		2974496925B1203500A3D5A6 /* NeuorphicButtonStyle.swift in Sources */ = {isa = PBXBuildFile; fileRef = 2974496825B1203500A3D5A6 /* NeuorphicButtonStyle.swift */; };
		2998E32D25C21F0C00428C7E /* PlayView.swift in Sources */ = {isa = PBXBuildFile; fileRef = 2998E32C25C21F0C00428C7E /* PlayView.swift */; };
		2998E33625C2205900428C7E /* utils.swift in Sources */ = {isa = PBXBuildFile; fileRef = 2998E33525C2205900428C7E /* utils.swift */; };
		2998E33B25C23A8500428C7E /* PlayerController.swift in Sources */ = {isa = PBXBuildFile; fileRef = 2998E33A25C23A8500428C7E /* PlayerController.swift */; };
		29D1617325E02A5F008A4940 /* SongListItem.swift in Sources */ = {isa = PBXBuildFile; fileRef = 29D1617225E02A5F008A4940 /* SongListItem.swift */; };
		29D1617E25E02CA3008A4940 /* SongList.swift in Sources */ = {isa = PBXBuildFile; fileRef = 29D1617D25E02CA3008A4940 /* SongList.swift */; };
		29F779F425AF8C9F00A50781 /* slowedApp.swift in Sources */ = {isa = PBXBuildFile; fileRef = 29F779F325AF8C9F00A50781 /* slowedApp.swift */; };
		29F779F625AF8C9F00A50781 /* ContentView.swift in Sources */ = {isa = PBXBuildFile; fileRef = 29F779F525AF8C9F00A50781 /* ContentView.swift */; };
		29F779F825AF8C9F00A50781 /* Assets.xcassets in Resources */ = {isa = PBXBuildFile; fileRef = 29F779F725AF8C9F00A50781 /* Assets.xcassets */; };
		29F779FB25AF8C9F00A50781 /* Preview Assets.xcassets in Resources */ = {isa = PBXBuildFile; fileRef = 29F779FA25AF8C9F00A50781 /* Preview Assets.xcassets */; };
		29F77A0725AF8CA000A50781 /* slowedTests.swift in Sources */ = {isa = PBXBuildFile; fileRef = 29F77A0625AF8CA000A50781 /* slowedTests.swift */; };
		29F77A1225AF8CA000A50781 /* slowedUITests.swift in Sources */ = {isa = PBXBuildFile; fileRef = 29F77A1125AF8CA000A50781 /* slowedUITests.swift */; };
/* End PBXBuildFile section */

/* Begin PBXContainerItemProxy section */
		29F77A0325AF8CA000A50781 /* PBXContainerItemProxy */ = {
			isa = PBXContainerItemProxy;
			containerPortal = 29F779E825AF8C9E00A50781 /* Project object */;
			proxyType = 1;
			remoteGlobalIDString = 29F779EF25AF8C9E00A50781;
			remoteInfo = slowed;
		};
		29F77A0E25AF8CA000A50781 /* PBXContainerItemProxy */ = {
			isa = PBXContainerItemProxy;
			containerPortal = 29F779E825AF8C9E00A50781 /* Project object */;
			proxyType = 1;
			remoteGlobalIDString = 29F779EF25AF8C9E00A50781;
			remoteInfo = slowed;
		};
/* End PBXContainerItemProxy section */

/* Begin PBXFileReference section */
		0889F24A25D2E54700FBEE6C /* Color+init.swift */ = {isa = PBXFileReference; lastKnownFileType = sourcecode.swift; path = "Color+init.swift"; sourceTree = "<group>"; };
		291B121425AF98ED001C5C30 /* SlowedAudioEngine.swift */ = {isa = PBXFileReference; lastKnownFileType = sourcecode.swift; path = SlowedAudioEngine.swift; sourceTree = "<group>"; };
		293FD8BC25AFCB4700D7A8D3 /* PlayerControls.swift */ = {isa = PBXFileReference; lastKnownFileType = sourcecode.swift; path = PlayerControls.swift; sourceTree = "<group>"; };
		2974496025B1154200A3D5A6 /* ChooseFileButton.swift */ = {isa = PBXFileReference; lastKnownFileType = sourcecode.swift; path = ChooseFileButton.swift; sourceTree = "<group>"; };
		2974496825B1203500A3D5A6 /* NeuorphicButtonStyle.swift */ = {isa = PBXFileReference; lastKnownFileType = sourcecode.swift; path = NeuorphicButtonStyle.swift; sourceTree = "<group>"; };
		2998E32C25C21F0C00428C7E /* PlayView.swift */ = {isa = PBXFileReference; lastKnownFileType = sourcecode.swift; path = PlayView.swift; sourceTree = "<group>"; };
		2998E33525C2205900428C7E /* utils.swift */ = {isa = PBXFileReference; lastKnownFileType = sourcecode.swift; path = utils.swift; sourceTree = "<group>"; };
		2998E33A25C23A8500428C7E /* PlayerController.swift */ = {isa = PBXFileReference; lastKnownFileType = sourcecode.swift; path = PlayerController.swift; sourceTree = "<group>"; };
		29D1617225E02A5F008A4940 /* SongListItem.swift */ = {isa = PBXFileReference; lastKnownFileType = sourcecode.swift; path = SongListItem.swift; sourceTree = "<group>"; };
		29D1617D25E02CA3008A4940 /* SongList.swift */ = {isa = PBXFileReference; lastKnownFileType = sourcecode.swift; path = SongList.swift; sourceTree = "<group>"; };
		29F779F025AF8C9F00A50781 /* slowed.app */ = {isa = PBXFileReference; explicitFileType = wrapper.application; includeInIndex = 0; path = slowed.app; sourceTree = BUILT_PRODUCTS_DIR; };
		29F779F325AF8C9F00A50781 /* slowedApp.swift */ = {isa = PBXFileReference; lastKnownFileType = sourcecode.swift; path = slowedApp.swift; sourceTree = "<group>"; };
		29F779F525AF8C9F00A50781 /* ContentView.swift */ = {isa = PBXFileReference; lastKnownFileType = sourcecode.swift; path = ContentView.swift; sourceTree = "<group>"; };
		29F779F725AF8C9F00A50781 /* Assets.xcassets */ = {isa = PBXFileReference; lastKnownFileType = folder.assetcatalog; path = Assets.xcassets; sourceTree = "<group>"; };
		29F779FA25AF8C9F00A50781 /* Preview Assets.xcassets */ = {isa = PBXFileReference; lastKnownFileType = folder.assetcatalog; path = "Preview Assets.xcassets"; sourceTree = "<group>"; };
		29F779FC25AF8C9F00A50781 /* Info.plist */ = {isa = PBXFileReference; lastKnownFileType = text.plist.xml; path = Info.plist; sourceTree = "<group>"; };
		29F779FD25AF8C9F00A50781 /* slowed.entitlements */ = {isa = PBXFileReference; lastKnownFileType = text.plist.entitlements; path = slowed.entitlements; sourceTree = "<group>"; };
		29F77A0225AF8CA000A50781 /* slowedTests.xctest */ = {isa = PBXFileReference; explicitFileType = wrapper.cfbundle; includeInIndex = 0; path = slowedTests.xctest; sourceTree = BUILT_PRODUCTS_DIR; };
		29F77A0625AF8CA000A50781 /* slowedTests.swift */ = {isa = PBXFileReference; lastKnownFileType = sourcecode.swift; path = slowedTests.swift; sourceTree = "<group>"; };
		29F77A0825AF8CA000A50781 /* Info.plist */ = {isa = PBXFileReference; lastKnownFileType = text.plist.xml; path = Info.plist; sourceTree = "<group>"; };
		29F77A0D25AF8CA000A50781 /* slowedUITests.xctest */ = {isa = PBXFileReference; explicitFileType = wrapper.cfbundle; includeInIndex = 0; path = slowedUITests.xctest; sourceTree = BUILT_PRODUCTS_DIR; };
		29F77A1125AF8CA000A50781 /* slowedUITests.swift */ = {isa = PBXFileReference; lastKnownFileType = sourcecode.swift; path = slowedUITests.swift; sourceTree = "<group>"; };
		29F77A1325AF8CA000A50781 /* Info.plist */ = {isa = PBXFileReference; lastKnownFileType = text.plist.xml; path = Info.plist; sourceTree = "<group>"; };
/* End PBXFileReference section */

/* Begin PBXFrameworksBuildPhase section */
		29F779ED25AF8C9E00A50781 /* Frameworks */ = {
			isa = PBXFrameworksBuildPhase;
			buildActionMask = 2147483647;
			files = (
				291B121B25AF99E0001C5C30 /* AudioKit in Frameworks */,
			);
			runOnlyForDeploymentPostprocessing = 0;
		};
		29F779FF25AF8CA000A50781 /* Frameworks */ = {
			isa = PBXFrameworksBuildPhase;
			buildActionMask = 2147483647;
			files = (
			);
			runOnlyForDeploymentPostprocessing = 0;
		};
		29F77A0A25AF8CA000A50781 /* Frameworks */ = {
			isa = PBXFrameworksBuildPhase;
			buildActionMask = 2147483647;
			files = (
			);
			runOnlyForDeploymentPostprocessing = 0;
		};
/* End PBXFrameworksBuildPhase section */

/* Begin PBXGroup section */
		0889F24925D2E53900FBEE6C /* extensions */ = {
			isa = PBXGroup;
			children = (
				0889F24A25D2E54700FBEE6C /* Color+init.swift */,
			);
			path = extensions;
			sourceTree = "<group>";
		};
		2974495F25B1153300A3D5A6 /* components */ = {
			isa = PBXGroup;
			children = (
				29D1617125E02A52008A4940 /* SongList */,
				29F779F525AF8C9F00A50781 /* ContentView.swift */,
				293FD8BC25AFCB4700D7A8D3 /* PlayerControls.swift */,
				2974496825B1203500A3D5A6 /* NeuorphicButtonStyle.swift */,
				2998E32C25C21F0C00428C7E /* PlayView.swift */,
			);
			path = components;
			sourceTree = "<group>";
		};
		2998E33125C21F5A00428C7E /* audioEngine */ = {
			isa = PBXGroup;
			children = (
				291B121425AF98ED001C5C30 /* SlowedAudioEngine.swift */,
				2998E33525C2205900428C7E /* utils.swift */,
			);
			path = audioEngine;
			sourceTree = "<group>";
		};
		29D1617125E02A52008A4940 /* SongList */ = {
			isa = PBXGroup;
			children = (
				2974496025B1154200A3D5A6 /* ChooseFileButton.swift */,
				29D1617225E02A5F008A4940 /* SongListItem.swift */,
				29D1617D25E02CA3008A4940 /* SongList.swift */,
			);
			path = SongList;
			sourceTree = "<group>";
		};
		29F779E725AF8C9E00A50781 = {
			isa = PBXGroup;
			children = (
				29F779F225AF8C9F00A50781 /* slowed */,
				29F77A0525AF8CA000A50781 /* slowedTests */,
				29F77A1025AF8CA000A50781 /* slowedUITests */,
				29F779F125AF8C9F00A50781 /* Products */,
			);
			sourceTree = "<group>";
		};
		29F779F125AF8C9F00A50781 /* Products */ = {
			isa = PBXGroup;
			children = (
				29F779F025AF8C9F00A50781 /* slowed.app */,
				29F77A0225AF8CA000A50781 /* slowedTests.xctest */,
				29F77A0D25AF8CA000A50781 /* slowedUITests.xctest */,
			);
			name = Products;
			sourceTree = "<group>";
		};
		29F779F225AF8C9F00A50781 /* slowed */ = {
			isa = PBXGroup;
			children = (
				0889F24925D2E53900FBEE6C /* extensions */,
				2998E33125C21F5A00428C7E /* audioEngine */,
				2974495F25B1153300A3D5A6 /* components */,
				29F779F325AF8C9F00A50781 /* slowedApp.swift */,
				29F779F725AF8C9F00A50781 /* Assets.xcassets */,
				29F779FC25AF8C9F00A50781 /* Info.plist */,
				29F779FD25AF8C9F00A50781 /* slowed.entitlements */,
				29F779F925AF8C9F00A50781 /* Preview Content */,
				2998E33A25C23A8500428C7E /* PlayerController.swift */,
			);
			path = slowed;
			sourceTree = "<group>";
		};
		29F779F925AF8C9F00A50781 /* Preview Content */ = {
			isa = PBXGroup;
			children = (
				29F779FA25AF8C9F00A50781 /* Preview Assets.xcassets */,
			);
			path = "Preview Content";
			sourceTree = "<group>";
		};
		29F77A0525AF8CA000A50781 /* slowedTests */ = {
			isa = PBXGroup;
			children = (
				29F77A0625AF8CA000A50781 /* slowedTests.swift */,
				29F77A0825AF8CA000A50781 /* Info.plist */,
			);
			path = slowedTests;
			sourceTree = "<group>";
		};
		29F77A1025AF8CA000A50781 /* slowedUITests */ = {
			isa = PBXGroup;
			children = (
				29F77A1125AF8CA000A50781 /* slowedUITests.swift */,
				29F77A1325AF8CA000A50781 /* Info.plist */,
			);
			path = slowedUITests;
			sourceTree = "<group>";
		};
/* End PBXGroup section */

/* Begin PBXNativeTarget section */
		29F779EF25AF8C9E00A50781 /* slowed */ = {
			isa = PBXNativeTarget;
			buildConfigurationList = 29F77A1625AF8CA000A50781 /* Build configuration list for PBXNativeTarget "slowed" */;
			buildPhases = (
				29F779EC25AF8C9E00A50781 /* Sources */,
				29F779ED25AF8C9E00A50781 /* Frameworks */,
				29F779EE25AF8C9E00A50781 /* Resources */,
			);
			buildRules = (
			);
			dependencies = (
			);
			name = slowed;
			packageProductDependencies = (
				291B121A25AF99E0001C5C30 /* AudioKit */,
			);
			productName = slowed;
			productReference = 29F779F025AF8C9F00A50781 /* slowed.app */;
			productType = "com.apple.product-type.application";
		};
		29F77A0125AF8CA000A50781 /* slowedTests */ = {
			isa = PBXNativeTarget;
			buildConfigurationList = 29F77A1925AF8CA000A50781 /* Build configuration list for PBXNativeTarget "slowedTests" */;
			buildPhases = (
				29F779FE25AF8CA000A50781 /* Sources */,
				29F779FF25AF8CA000A50781 /* Frameworks */,
				29F77A0025AF8CA000A50781 /* Resources */,
			);
			buildRules = (
			);
			dependencies = (
				29F77A0425AF8CA000A50781 /* PBXTargetDependency */,
			);
			name = slowedTests;
			productName = slowedTests;
			productReference = 29F77A0225AF8CA000A50781 /* slowedTests.xctest */;
			productType = "com.apple.product-type.bundle.unit-test";
		};
		29F77A0C25AF8CA000A50781 /* slowedUITests */ = {
			isa = PBXNativeTarget;
			buildConfigurationList = 29F77A1C25AF8CA000A50781 /* Build configuration list for PBXNativeTarget "slowedUITests" */;
			buildPhases = (
				29F77A0925AF8CA000A50781 /* Sources */,
				29F77A0A25AF8CA000A50781 /* Frameworks */,
				29F77A0B25AF8CA000A50781 /* Resources */,
			);
			buildRules = (
			);
			dependencies = (
				29F77A0F25AF8CA000A50781 /* PBXTargetDependency */,
			);
			name = slowedUITests;
			productName = slowedUITests;
			productReference = 29F77A0D25AF8CA000A50781 /* slowedUITests.xctest */;
			productType = "com.apple.product-type.bundle.ui-testing";
		};
/* End PBXNativeTarget section */

/* Begin PBXProject section */
		29F779E825AF8C9E00A50781 /* Project object */ = {
			isa = PBXProject;
			attributes = {
				LastSwiftUpdateCheck = 1230;
				LastUpgradeCheck = 1230;
				TargetAttributes = {
					29F779EF25AF8C9E00A50781 = {
						CreatedOnToolsVersion = 12.3;
					};
					29F77A0125AF8CA000A50781 = {
						CreatedOnToolsVersion = 12.3;
						TestTargetID = 29F779EF25AF8C9E00A50781;
					};
					29F77A0C25AF8CA000A50781 = {
						CreatedOnToolsVersion = 12.3;
						TestTargetID = 29F779EF25AF8C9E00A50781;
					};
				};
			};
			buildConfigurationList = 29F779EB25AF8C9E00A50781 /* Build configuration list for PBXProject "slowed" */;
			compatibilityVersion = "Xcode 9.3";
			developmentRegion = en;
			hasScannedForEncodings = 0;
			knownRegions = (
				en,
				Base,
			);
			mainGroup = 29F779E725AF8C9E00A50781;
			packageReferences = (
				291B121925AF99E0001C5C30 /* XCRemoteSwiftPackageReference "AudioKit" */,
			);
			productRefGroup = 29F779F125AF8C9F00A50781 /* Products */;
			projectDirPath = "";
			projectRoot = "";
			targets = (
				29F779EF25AF8C9E00A50781 /* slowed */,
				29F77A0125AF8CA000A50781 /* slowedTests */,
				29F77A0C25AF8CA000A50781 /* slowedUITests */,
			);
		};
/* End PBXProject section */

/* Begin PBXResourcesBuildPhase section */
		29F779EE25AF8C9E00A50781 /* Resources */ = {
			isa = PBXResourcesBuildPhase;
			buildActionMask = 2147483647;
			files = (
				29F779FB25AF8C9F00A50781 /* Preview Assets.xcassets in Resources */,
				29F779F825AF8C9F00A50781 /* Assets.xcassets in Resources */,
			);
			runOnlyForDeploymentPostprocessing = 0;
		};
		29F77A0025AF8CA000A50781 /* Resources */ = {
			isa = PBXResourcesBuildPhase;
			buildActionMask = 2147483647;
			files = (
			);
			runOnlyForDeploymentPostprocessing = 0;
		};
		29F77A0B25AF8CA000A50781 /* Resources */ = {
			isa = PBXResourcesBuildPhase;
			buildActionMask = 2147483647;
			files = (
			);
			runOnlyForDeploymentPostprocessing = 0;
		};
/* End PBXResourcesBuildPhase section */

/* Begin PBXSourcesBuildPhase section */
		29F779EC25AF8C9E00A50781 /* Sources */ = {
			isa = PBXSourcesBuildPhase;
			buildActionMask = 2147483647;
			files = (
				29D1617E25E02CA3008A4940 /* SongList.swift in Sources */,
				293FD8BD25AFCB4700D7A8D3 /* PlayerControls.swift in Sources */,
				29D1617325E02A5F008A4940 /* SongListItem.swift in Sources */,
				2974496125B1154200A3D5A6 /* ChooseFileButton.swift in Sources */,
				2998E33B25C23A8500428C7E /* PlayerController.swift in Sources */,
				29F779F625AF8C9F00A50781 /* ContentView.swift in Sources */,
				2998E32D25C21F0C00428C7E /* PlayView.swift in Sources */,
				2974496925B1203500A3D5A6 /* NeuorphicButtonStyle.swift in Sources */,
				291B121525AF98ED001C5C30 /* SlowedAudioEngine.swift in Sources */,
				29F779F425AF8C9F00A50781 /* slowedApp.swift in Sources */,
				2998E33625C2205900428C7E /* utils.swift in Sources */,
				0889F24B25D2E54700FBEE6C /* Color+init.swift in Sources */,
			);
			runOnlyForDeploymentPostprocessing = 0;
		};
		29F779FE25AF8CA000A50781 /* Sources */ = {
			isa = PBXSourcesBuildPhase;
			buildActionMask = 2147483647;
			files = (
				29F77A0725AF8CA000A50781 /* slowedTests.swift in Sources */,
			);
			runOnlyForDeploymentPostprocessing = 0;
		};
		29F77A0925AF8CA000A50781 /* Sources */ = {
			isa = PBXSourcesBuildPhase;
			buildActionMask = 2147483647;
			files = (
				29F77A1225AF8CA000A50781 /* slowedUITests.swift in Sources */,
			);
			runOnlyForDeploymentPostprocessing = 0;
		};
/* End PBXSourcesBuildPhase section */

/* Begin PBXTargetDependency section */
		29F77A0425AF8CA000A50781 /* PBXTargetDependency */ = {
			isa = PBXTargetDependency;
			target = 29F779EF25AF8C9E00A50781 /* slowed */;
			targetProxy = 29F77A0325AF8CA000A50781 /* PBXContainerItemProxy */;
		};
		29F77A0F25AF8CA000A50781 /* PBXTargetDependency */ = {
			isa = PBXTargetDependency;
			target = 29F779EF25AF8C9E00A50781 /* slowed */;
			targetProxy = 29F77A0E25AF8CA000A50781 /* PBXContainerItemProxy */;
		};
/* End PBXTargetDependency section */

/* Begin XCBuildConfiguration section */
		29F77A1425AF8CA000A50781 /* Debug */ = {
			isa = XCBuildConfiguration;
			buildSettings = {
				ALWAYS_SEARCH_USER_PATHS = NO;
				CLANG_ANALYZER_NONNULL = YES;
				CLANG_ANALYZER_NUMBER_OBJECT_CONVERSION = YES_AGGRESSIVE;
				CLANG_CXX_LANGUAGE_STANDARD = "gnu++14";
				CLANG_CXX_LIBRARY = "libc++";
				CLANG_ENABLE_MODULES = YES;
				CLANG_ENABLE_OBJC_ARC = YES;
				CLANG_ENABLE_OBJC_WEAK = YES;
				CLANG_WARN_BLOCK_CAPTURE_AUTORELEASING = YES;
				CLANG_WARN_BOOL_CONVERSION = YES;
				CLANG_WARN_COMMA = YES;
				CLANG_WARN_CONSTANT_CONVERSION = YES;
				CLANG_WARN_DEPRECATED_OBJC_IMPLEMENTATIONS = YES;
				CLANG_WARN_DIRECT_OBJC_ISA_USAGE = YES_ERROR;
				CLANG_WARN_DOCUMENTATION_COMMENTS = YES;
				CLANG_WARN_EMPTY_BODY = YES;
				CLANG_WARN_ENUM_CONVERSION = YES;
				CLANG_WARN_INFINITE_RECURSION = YES;
				CLANG_WARN_INT_CONVERSION = YES;
				CLANG_WARN_NON_LITERAL_NULL_CONVERSION = YES;
				CLANG_WARN_OBJC_IMPLICIT_RETAIN_SELF = YES;
				CLANG_WARN_OBJC_LITERAL_CONVERSION = YES;
				CLANG_WARN_OBJC_ROOT_CLASS = YES_ERROR;
				CLANG_WARN_QUOTED_INCLUDE_IN_FRAMEWORK_HEADER = YES;
				CLANG_WARN_RANGE_LOOP_ANALYSIS = YES;
				CLANG_WARN_STRICT_PROTOTYPES = YES;
				CLANG_WARN_SUSPICIOUS_MOVE = YES;
				CLANG_WARN_UNGUARDED_AVAILABILITY = YES_AGGRESSIVE;
				CLANG_WARN_UNREACHABLE_CODE = YES;
				CLANG_WARN__DUPLICATE_METHOD_MATCH = YES;
				COPY_PHASE_STRIP = NO;
				DEBUG_INFORMATION_FORMAT = dwarf;
				ENABLE_STRICT_OBJC_MSGSEND = YES;
				ENABLE_TESTABILITY = YES;
				GCC_C_LANGUAGE_STANDARD = gnu11;
				GCC_DYNAMIC_NO_PIC = NO;
				GCC_NO_COMMON_BLOCKS = YES;
				GCC_OPTIMIZATION_LEVEL = 0;
				GCC_PREPROCESSOR_DEFINITIONS = (
					"DEBUG=1",
					"$(inherited)",
				);
				GCC_WARN_64_TO_32_BIT_CONVERSION = YES;
				GCC_WARN_ABOUT_RETURN_TYPE = YES_ERROR;
				GCC_WARN_UNDECLARED_SELECTOR = YES;
				GCC_WARN_UNINITIALIZED_AUTOS = YES_AGGRESSIVE;
				GCC_WARN_UNUSED_FUNCTION = YES;
				GCC_WARN_UNUSED_VARIABLE = YES;
				MACOSX_DEPLOYMENT_TARGET = 11.1;
				MTL_ENABLE_DEBUG_INFO = INCLUDE_SOURCE;
				MTL_FAST_MATH = YES;
				ONLY_ACTIVE_ARCH = YES;
				SDKROOT = macosx;
				SWIFT_ACTIVE_COMPILATION_CONDITIONS = DEBUG;
				SWIFT_OPTIMIZATION_LEVEL = "-Onone";
			};
			name = Debug;
		};
		29F77A1525AF8CA000A50781 /* Release */ = {
			isa = XCBuildConfiguration;
			buildSettings = {
				ALWAYS_SEARCH_USER_PATHS = NO;
				CLANG_ANALYZER_NONNULL = YES;
				CLANG_ANALYZER_NUMBER_OBJECT_CONVERSION = YES_AGGRESSIVE;
				CLANG_CXX_LANGUAGE_STANDARD = "gnu++14";
				CLANG_CXX_LIBRARY = "libc++";
				CLANG_ENABLE_MODULES = YES;
				CLANG_ENABLE_OBJC_ARC = YES;
				CLANG_ENABLE_OBJC_WEAK = YES;
				CLANG_WARN_BLOCK_CAPTURE_AUTORELEASING = YES;
				CLANG_WARN_BOOL_CONVERSION = YES;
				CLANG_WARN_COMMA = YES;
				CLANG_WARN_CONSTANT_CONVERSION = YES;
				CLANG_WARN_DEPRECATED_OBJC_IMPLEMENTATIONS = YES;
				CLANG_WARN_DIRECT_OBJC_ISA_USAGE = YES_ERROR;
				CLANG_WARN_DOCUMENTATION_COMMENTS = YES;
				CLANG_WARN_EMPTY_BODY = YES;
				CLANG_WARN_ENUM_CONVERSION = YES;
				CLANG_WARN_INFINITE_RECURSION = YES;
				CLANG_WARN_INT_CONVERSION = YES;
				CLANG_WARN_NON_LITERAL_NULL_CONVERSION = YES;
				CLANG_WARN_OBJC_IMPLICIT_RETAIN_SELF = YES;
				CLANG_WARN_OBJC_LITERAL_CONVERSION = YES;
				CLANG_WARN_OBJC_ROOT_CLASS = YES_ERROR;
				CLANG_WARN_QUOTED_INCLUDE_IN_FRAMEWORK_HEADER = YES;
				CLANG_WARN_RANGE_LOOP_ANALYSIS = YES;
				CLANG_WARN_STRICT_PROTOTYPES = YES;
				CLANG_WARN_SUSPICIOUS_MOVE = YES;
				CLANG_WARN_UNGUARDED_AVAILABILITY = YES_AGGRESSIVE;
				CLANG_WARN_UNREACHABLE_CODE = YES;
				CLANG_WARN__DUPLICATE_METHOD_MATCH = YES;
				COPY_PHASE_STRIP = NO;
				DEBUG_INFORMATION_FORMAT = "dwarf-with-dsym";
				ENABLE_NS_ASSERTIONS = NO;
				ENABLE_STRICT_OBJC_MSGSEND = YES;
				GCC_C_LANGUAGE_STANDARD = gnu11;
				GCC_NO_COMMON_BLOCKS = YES;
				GCC_WARN_64_TO_32_BIT_CONVERSION = YES;
				GCC_WARN_ABOUT_RETURN_TYPE = YES_ERROR;
				GCC_WARN_UNDECLARED_SELECTOR = YES;
				GCC_WARN_UNINITIALIZED_AUTOS = YES_AGGRESSIVE;
				GCC_WARN_UNUSED_FUNCTION = YES;
				GCC_WARN_UNUSED_VARIABLE = YES;
				MACOSX_DEPLOYMENT_TARGET = 11.1;
				MTL_ENABLE_DEBUG_INFO = NO;
				MTL_FAST_MATH = YES;
				SDKROOT = macosx;
				SWIFT_COMPILATION_MODE = wholemodule;
				SWIFT_OPTIMIZATION_LEVEL = "-O";
			};
			name = Release;
		};
		29F77A1725AF8CA000A50781 /* Debug */ = {
			isa = XCBuildConfiguration;
			buildSettings = {
				ASSETCATALOG_COMPILER_APPICON_NAME = AppIcon;
				ASSETCATALOG_COMPILER_GLOBAL_ACCENT_COLOR_NAME = AccentColor;
				CODE_SIGN_ENTITLEMENTS = slowed/slowed.entitlements;
				CODE_SIGN_STYLE = Automatic;
				COMBINE_HIDPI_IMAGES = YES;
				DEVELOPMENT_ASSET_PATHS = "\"slowed/Preview Content\"";
				DEVELOPMENT_TEAM = EQEP73C42H;
				ENABLE_HARDENED_RUNTIME = YES;
				ENABLE_PREVIEWS = YES;
				INFOPLIST_FILE = slowed/Info.plist;
				LD_RUNPATH_SEARCH_PATHS = (
					"$(inherited)",
					"@executable_path/../Frameworks",
				);
				MACOSX_DEPLOYMENT_TARGET = 11.0;
				PRODUCT_BUNDLE_IDENTIFIER = awave.slowed;
				PRODUCT_NAME = "$(TARGET_NAME)";
				SWIFT_VERSION = 5.0;
			};
			name = Debug;
		};
		29F77A1825AF8CA000A50781 /* Release */ = {
			isa = XCBuildConfiguration;
			buildSettings = {
				ASSETCATALOG_COMPILER_APPICON_NAME = AppIcon;
				ASSETCATALOG_COMPILER_GLOBAL_ACCENT_COLOR_NAME = AccentColor;
				CODE_SIGN_ENTITLEMENTS = slowed/slowed.entitlements;
				CODE_SIGN_STYLE = Automatic;
				COMBINE_HIDPI_IMAGES = YES;
				DEVELOPMENT_ASSET_PATHS = "\"slowed/Preview Content\"";
				DEVELOPMENT_TEAM = EQEP73C42H;
				ENABLE_HARDENED_RUNTIME = YES;
				ENABLE_PREVIEWS = YES;
				INFOPLIST_FILE = slowed/Info.plist;
				LD_RUNPATH_SEARCH_PATHS = (
					"$(inherited)",
					"@executable_path/../Frameworks",
				);
				MACOSX_DEPLOYMENT_TARGET = 11.0;
				PRODUCT_BUNDLE_IDENTIFIER = awave.slowed;
				PRODUCT_NAME = "$(TARGET_NAME)";
				SWIFT_VERSION = 5.0;
			};
			name = Release;
		};
		29F77A1A25AF8CA000A50781 /* Debug */ = {
			isa = XCBuildConfiguration;
			buildSettings = {
				ALWAYS_EMBED_SWIFT_STANDARD_LIBRARIES = YES;
				BUNDLE_LOADER = "$(TEST_HOST)";
				CODE_SIGN_STYLE = Automatic;
				COMBINE_HIDPI_IMAGES = YES;
				DEVELOPMENT_TEAM = EQEP73C42H;
				INFOPLIST_FILE = slowedTests/Info.plist;
				LD_RUNPATH_SEARCH_PATHS = (
					"$(inherited)",
					"@executable_path/../Frameworks",
					"@loader_path/../Frameworks",
				);
				MACOSX_DEPLOYMENT_TARGET = 11.0;
				PRODUCT_BUNDLE_IDENTIFIER = awave.slowedTests;
				PRODUCT_NAME = "$(TARGET_NAME)";
				SWIFT_VERSION = 5.0;
				TEST_HOST = "$(BUILT_PRODUCTS_DIR)/slowed.app/Contents/MacOS/slowed";
			};
			name = Debug;
		};
		29F77A1B25AF8CA000A50781 /* Release */ = {
			isa = XCBuildConfiguration;
			buildSettings = {
				ALWAYS_EMBED_SWIFT_STANDARD_LIBRARIES = YES;
				BUNDLE_LOADER = "$(TEST_HOST)";
				CODE_SIGN_STYLE = Automatic;
				COMBINE_HIDPI_IMAGES = YES;
				DEVELOPMENT_TEAM = EQEP73C42H;
				INFOPLIST_FILE = slowedTests/Info.plist;
				LD_RUNPATH_SEARCH_PATHS = (
					"$(inherited)",
					"@executable_path/../Frameworks",
					"@loader_path/../Frameworks",
				);
				MACOSX_DEPLOYMENT_TARGET = 11.0;
				PRODUCT_BUNDLE_IDENTIFIER = awave.slowedTests;
				PRODUCT_NAME = "$(TARGET_NAME)";
				SWIFT_VERSION = 5.0;
				TEST_HOST = "$(BUILT_PRODUCTS_DIR)/slowed.app/Contents/MacOS/slowed";
			};
			name = Release;
		};
		29F77A1D25AF8CA000A50781 /* Debug */ = {
			isa = XCBuildConfiguration;
			buildSettings = {
				ALWAYS_EMBED_SWIFT_STANDARD_LIBRARIES = YES;
				CODE_SIGN_STYLE = Automatic;
				COMBINE_HIDPI_IMAGES = YES;
				DEVELOPMENT_TEAM = EQEP73C42H;
				INFOPLIST_FILE = slowedUITests/Info.plist;
				LD_RUNPATH_SEARCH_PATHS = (
					"$(inherited)",
					"@executable_path/../Frameworks",
					"@loader_path/../Frameworks",
				);
				PRODUCT_BUNDLE_IDENTIFIER = awave.slowedUITests;
				PRODUCT_NAME = "$(TARGET_NAME)";
				SWIFT_VERSION = 5.0;
				TEST_TARGET_NAME = slowed;
			};
			name = Debug;
		};
		29F77A1E25AF8CA000A50781 /* Release */ = {
			isa = XCBuildConfiguration;
			buildSettings = {
				ALWAYS_EMBED_SWIFT_STANDARD_LIBRARIES = YES;
				CODE_SIGN_STYLE = Automatic;
				COMBINE_HIDPI_IMAGES = YES;
				DEVELOPMENT_TEAM = EQEP73C42H;
				INFOPLIST_FILE = slowedUITests/Info.plist;
				LD_RUNPATH_SEARCH_PATHS = (
					"$(inherited)",
					"@executable_path/../Frameworks",
					"@loader_path/../Frameworks",
				);
				PRODUCT_BUNDLE_IDENTIFIER = awave.slowedUITests;
				PRODUCT_NAME = "$(TARGET_NAME)";
				SWIFT_VERSION = 5.0;
				TEST_TARGET_NAME = slowed;
			};
			name = Release;
		};
/* End XCBuildConfiguration section */

/* Begin XCConfigurationList section */
		29F779EB25AF8C9E00A50781 /* Build configuration list for PBXProject "slowed" */ = {
			isa = XCConfigurationList;
			buildConfigurations = (
				29F77A1425AF8CA000A50781 /* Debug */,
				29F77A1525AF8CA000A50781 /* Release */,
			);
			defaultConfigurationIsVisible = 0;
			defaultConfigurationName = Release;
		};
		29F77A1625AF8CA000A50781 /* Build configuration list for PBXNativeTarget "slowed" */ = {
			isa = XCConfigurationList;
			buildConfigurations = (
				29F77A1725AF8CA000A50781 /* Debug */,
				29F77A1825AF8CA000A50781 /* Release */,
			);
			defaultConfigurationIsVisible = 0;
			defaultConfigurationName = Release;
		};
		29F77A1925AF8CA000A50781 /* Build configuration list for PBXNativeTarget "slowedTests" */ = {
			isa = XCConfigurationList;
			buildConfigurations = (
				29F77A1A25AF8CA000A50781 /* Debug */,
				29F77A1B25AF8CA000A50781 /* Release */,
			);
			defaultConfigurationIsVisible = 0;
			defaultConfigurationName = Release;
		};
		29F77A1C25AF8CA000A50781 /* Build configuration list for PBXNativeTarget "slowedUITests" */ = {
			isa = XCConfigurationList;
			buildConfigurations = (
				29F77A1D25AF8CA000A50781 /* Debug */,
				29F77A1E25AF8CA000A50781 /* Release */,
			);
			defaultConfigurationIsVisible = 0;
			defaultConfigurationName = Release;
		};
/* End XCConfigurationList section */

/* Begin XCRemoteSwiftPackageReference section */
		291B121925AF99E0001C5C30 /* XCRemoteSwiftPackageReference "AudioKit" */ = {
			isa = XCRemoteSwiftPackageReference;
			repositoryURL = "https://github.com/AudioKit/AudioKit";
			requirement = {
				branch = "v5-main";
				kind = branch;
			};
		};
/* End XCRemoteSwiftPackageReference section */

/* Begin XCSwiftPackageProductDependency section */
		291B121A25AF99E0001C5C30 /* AudioKit */ = {
			isa = XCSwiftPackageProductDependency;
			package = 291B121925AF99E0001C5C30 /* XCRemoteSwiftPackageReference "AudioKit" */;
			productName = AudioKit;
		};
/* End XCSwiftPackageProductDependency section */
	};
	rootObject = 29F779E825AF8C9E00A50781 /* Project object */;
}
